github.com/approvals/go-approval-tests v1.3.0 h1:+B7NgiNJeRSHh/vz1ow/2Aoutf0c8kLOASXakmgUWVA=
github.com/approvals/go-approval-tests v1.3.0/go.mod h1:i7AlHlLqLyxTby+MnSFgxkObjFlsywI46fnOitjMBiU=
github.com/approvals/go-approval-tests v1.4.0 h1:m4izil0y/iF9LxIiV/W30K66HC9DkYVUQw83lF01O5c=
github.com/approvals/go-approval-tests v1.4.0/go.mod h1:i7AlHlLqLyxTby+MnSFgxkObjFlsywI46fnOitjMBiU=
github.com/approvals/go-approval-tests v1.5.0 h1:4t8BL8xwrsR2BNhHIZHBmf43SYmkSmkPBPtCqUNOBMA=
github.com/approvals/go-approval-tests v1.5.0/go.mod h1:i7AlHlLqLyxTby+MnSFgxkObjFlsywI46fnOitjMBiU=
github.com/approvals/go-approval-tests v1.5.1 h1:dNoQ5/Qj6E4TAJGnk5h6VOX/t+EMWate4ek/65IgdbQ=
github.com/approvals/go-approval-tests v1.5.1/go.mod h1:i7AlHlLqLyxTby+MnSFgxkObjFlsywI46fnOitjMBiU=
github.com/approvals/go-approval-tests v1.6.0 h1:HfLeWQBsVe6AmGIMTmanQl4Kgl9IavRn9lnWGET3oek=
github.com/approvals/go-approval-tests v1.6.0/go.mod h1:i7AlHlLqLyxTby+MnSFgxkObjFlsywI46fnOitjMBiU=
github.com/approvals/go-approval-tests v1.6.2 h1:LoTraXaHEK/w4i+jzqzUSwF6VwOAKmp7hxM4UqAwfng=
github.com/approvals/go-approval-tests v1.6.2/go.mod h1:i7AlHlLqLyxTby+MnSFgxkObjFlsywI46fnOitjMBiU=
github.com/approvals/go-approval-tests v1.7.0 h1:Fa2pVEOs4XXk60o3U13gAaDhIiaxowEhWdtHdne8HOI=
github.com/approvals/go-approval-tests v1.7.0/go.mod h1:i7AlHlLqLyxTby+MnSFgxkObjFlsywI46fnOitjMBiU=
github.com/gomarkdown/markdown v0.0.0-20250311123330-531bef5e742b h1:EY/KpStFl60qA17CptGXhwfZ+k1sFNJIUNR8DdbcuUk=
github.com/gomarkdown/markdown v0.0.0-20250311123330-531bef5e742b/go.mod h1:JDGcbDT52eL4fju3sZ4TeHGsQwhG9nbDV21aMyhwPoA=
github.com/gomarkdown/markdown v0.0.0-20250731182530-5d03d1963446 h1:DCrj2T/IjH7beow847X2wc/lQRAQlvUQYxCyZE9wA+E=
github.com/gomarkdown/markdown v0.0.0-20250731182530-5d03d1963446/go.mod h1:JDGcbDT52eL4fju3sZ4TeHGsQwhG9nbDV21aMyhwPoA=
github.com/gomarkdown/markdown v0.0.0-20250810172220-2e2c11897d1a h1:l7A0loSszR5zHd/qK53ZIHMO8b3bBSmENnQ6eKnUT0A=
github.com/gomarkdown/markdown v0.0.0-20250810172220-2e2c11897d1a/go.mod h1:JDGcbDT52eL4fju3sZ4TeHGsQwhG9nbDV21aMyhwPoA=
